// !$*UTF8*$!
{
	archiveVersion = 1;
	classes = {
	};
	objectVersion = 46;
	objects = {

/* Begin PBXBuildFile section */
		0D0300621FC8BB2D00FBF8FB /* AppFlow.swift in Sources */ = {isa = PBXBuildFile; fileRef = 0D0300611FC8BB2D00FBF8FB /* AppFlow.swift */; };
		0D66D7751FCB76CD0023F7A4 /* UITableViewCellExtensions.swift in Sources */ = {isa = PBXBuildFile; fileRef = 0D66D7741FCB76CD0023F7A4 /* UITableViewCellExtensions.swift */; };
		0DAF67C01FC90DA100390890 /* CopyContext.swift in Sources */ = {isa = PBXBuildFile; fileRef = 0DAF67BF1FC90DA100390890 /* CopyContext.swift */; };
		0DAF67C21FC93D2A00390890 /* Settings.bundle in Resources */ = {isa = PBXBuildFile; fileRef = 0DAF67C11FC93D2A00390890 /* Settings.bundle */; };
		0DAF67C41FC9508000390890 /* Defaults.swift in Sources */ = {isa = PBXBuildFile; fileRef = 0DAF67C31FC9508000390890 /* Defaults.swift */; };
		0DAF67C71FC950D200390890 /* WelcomeViewController.swift in Sources */ = {isa = PBXBuildFile; fileRef = 0DAF67C61FC950D200390890 /* WelcomeViewController.swift */; };
		0DAF67C91FC950EE00390890 /* AppViewController.swift in Sources */ = {isa = PBXBuildFile; fileRef = 0DAF67C81FC950EE00390890 /* AppViewController.swift */; };
		0DAF67CB1FC9512C00390890 /* UIViewControllerExtensions.swift in Sources */ = {isa = PBXBuildFile; fileRef = 0DAF67CA1FC9512C00390890 /* UIViewControllerExtensions.swift */; };
		0DDA0AF61FC6783800839814 /* DataStore.swift in Sources */ = {isa = PBXBuildFile; fileRef = 0DDA0AF51FC6783800839814 /* DataStore.swift */; };
		600AB6C21EC7FD590051B426 /* AppLaunchUITestCase.swift in Sources */ = {isa = PBXBuildFile; fileRef = 600AB6C11EC7FD590051B426 /* AppLaunchUITestCase.swift */; };
		600AB6C41EC7FF390051B426 /* XCTestCaseExtensions.swift in Sources */ = {isa = PBXBuildFile; fileRef = 600AB6C31EC7FF390051B426 /* XCTestCaseExtensions.swift */; };
		600AB6C61EC8028F0051B426 /* UITestCase.swift in Sources */ = {isa = PBXBuildFile; fileRef = 600AB6C51EC8028F0051B426 /* UITestCase.swift */; };
		601D8BC51ED177E100AC1407 /* TableViewModel.swift in Sources */ = {isa = PBXBuildFile; fileRef = 601D8BC41ED177E100AC1407 /* TableViewModel.swift */; };
		601D8BC71ED2067500AC1407 /* CopyFlow.swift in Sources */ = {isa = PBXBuildFile; fileRef = 601D8BC61ED2067500AC1407 /* CopyFlow.swift */; };
		6049C9621ED68B7B00DD688D /* PasteboardProtocol.swift in Sources */ = {isa = PBXBuildFile; fileRef = 6049C9611ED68B7B00DD688D /* PasteboardProtocol.swift */; };
		6049C9641ED68BA600DD688D /* UIPasteboardExtensions.swift in Sources */ = {isa = PBXBuildFile; fileRef = 6049C9631ED68BA600DD688D /* UIPasteboardExtensions.swift */; };
		604B48651EC7ED4200DBA243 /* AddUITestCase.swift in Sources */ = {isa = PBXBuildFile; fileRef = 604B48641EC7ED4200DBA243 /* AddUITestCase.swift */; };
		60762C371ECFD48300503ADB /* DeleteUITestCase.swift in Sources */ = {isa = PBXBuildFile; fileRef = 60762C361ECFD48300503ADB /* DeleteUITestCase.swift */; };
		60762C391ECFF63C00503ADB /* EditUIITestCase.swift in Sources */ = {isa = PBXBuildFile; fileRef = 60762C381ECFF63C00503ADB /* EditUIITestCase.swift */; };
		607B179B1ED23F3F00CCAFD1 /* TableViewModelTestCase.swift in Sources */ = {isa = PBXBuildFile; fileRef = 607B179A1ED23F3F00CCAFD1 /* TableViewModelTestCase.swift */; };
		60AB4EE91E9582A70002AAE8 /* AppDelegate.swift in Sources */ = {isa = PBXBuildFile; fileRef = 60AB4EE81E9582A70002AAE8 /* AppDelegate.swift */; };
		60AB4EEB1E9582A70002AAE8 /* TableViewController.swift in Sources */ = {isa = PBXBuildFile; fileRef = 60AB4EEA1E9582A70002AAE8 /* TableViewController.swift */; };
		60AB4EF01E9582A70002AAE8 /* Assets.xcassets in Resources */ = {isa = PBXBuildFile; fileRef = 60AB4EEF1E9582A70002AAE8 /* Assets.xcassets */; };
		60AB4EF31E9582A70002AAE8 /* LaunchScreen.storyboard in Resources */ = {isa = PBXBuildFile; fileRef = 60AB4EF11E9582A70002AAE8 /* LaunchScreen.storyboard */; };
		60E73F2C1EBE8E4100F559A1 /* EditViewController.swift in Sources */ = {isa = PBXBuildFile; fileRef = 60E73F2B1EBE8E4100F559A1 /* EditViewController.swift */; };
		60E73F301EBEA9D700F559A1 /* Item.swift in Sources */ = {isa = PBXBuildFile; fileRef = 60E73F2F1EBEA9D700F559A1 /* Item.swift */; };
/* End PBXBuildFile section */

/* Begin PBXContainerItemProxy section */
		604B485F1EC7EC4A00DBA243 /* PBXContainerItemProxy */ = {
			isa = PBXContainerItemProxy;
			containerPortal = 60AB4EDD1E9582A70002AAE8 /* Project object */;
			proxyType = 1;
			remoteGlobalIDString = 60AB4EE41E9582A70002AAE8;
			remoteInfo = CopyPaste;
		};
		607B179D1ED23F3F00CCAFD1 /* PBXContainerItemProxy */ = {
			isa = PBXContainerItemProxy;
			containerPortal = 60AB4EDD1E9582A70002AAE8 /* Project object */;
			proxyType = 1;
			remoteGlobalIDString = 60AB4EE41E9582A70002AAE8;
			remoteInfo = CopyPaste;
		};
/* End PBXContainerItemProxy section */

/* Begin PBXFileReference section */
		0D0300611FC8BB2D00FBF8FB /* AppFlow.swift */ = {isa = PBXFileReference; lastKnownFileType = sourcecode.swift; path = AppFlow.swift; sourceTree = "<group>"; };
		0D66D7741FCB76CD0023F7A4 /* UITableViewCellExtensions.swift */ = {isa = PBXFileReference; lastKnownFileType = sourcecode.swift; path = UITableViewCellExtensions.swift; sourceTree = "<group>"; };
		0DAF67BF1FC90DA100390890 /* CopyContext.swift */ = {isa = PBXFileReference; lastKnownFileType = sourcecode.swift; path = CopyContext.swift; sourceTree = "<group>"; };
		0DAF67C11FC93D2A00390890 /* Settings.bundle */ = {isa = PBXFileReference; lastKnownFileType = "wrapper.plug-in"; path = Settings.bundle; sourceTree = "<group>"; };
		0DAF67C31FC9508000390890 /* Defaults.swift */ = {isa = PBXFileReference; lastKnownFileType = sourcecode.swift; path = Defaults.swift; sourceTree = "<group>"; };
		0DAF67C61FC950D200390890 /* WelcomeViewController.swift */ = {isa = PBXFileReference; lastKnownFileType = sourcecode.swift; path = WelcomeViewController.swift; sourceTree = "<group>"; };
		0DAF67C81FC950EE00390890 /* AppViewController.swift */ = {isa = PBXFileReference; lastKnownFileType = sourcecode.swift; path = AppViewController.swift; sourceTree = "<group>"; };
		0DAF67CA1FC9512C00390890 /* UIViewControllerExtensions.swift */ = {isa = PBXFileReference; lastKnownFileType = sourcecode.swift; path = UIViewControllerExtensions.swift; sourceTree = "<group>"; };
		0DDA0AF51FC6783800839814 /* DataStore.swift */ = {isa = PBXFileReference; lastKnownFileType = sourcecode.swift; path = DataStore.swift; sourceTree = "<group>"; };
		600AB6C11EC7FD590051B426 /* AppLaunchUITestCase.swift */ = {isa = PBXFileReference; fileEncoding = 4; lastKnownFileType = sourcecode.swift; path = AppLaunchUITestCase.swift; sourceTree = "<group>"; };
		600AB6C31EC7FF390051B426 /* XCTestCaseExtensions.swift */ = {isa = PBXFileReference; fileEncoding = 4; lastKnownFileType = sourcecode.swift; path = XCTestCaseExtensions.swift; sourceTree = "<group>"; };
		600AB6C51EC8028F0051B426 /* UITestCase.swift */ = {isa = PBXFileReference; fileEncoding = 4; lastKnownFileType = sourcecode.swift; path = UITestCase.swift; sourceTree = "<group>"; };
		601D8BC41ED177E100AC1407 /* TableViewModel.swift */ = {isa = PBXFileReference; fileEncoding = 4; lastKnownFileType = sourcecode.swift; path = TableViewModel.swift; sourceTree = "<group>"; };
		601D8BC61ED2067500AC1407 /* CopyFlow.swift */ = {isa = PBXFileReference; fileEncoding = 4; lastKnownFileType = sourcecode.swift; path = CopyFlow.swift; sourceTree = "<group>"; };
		6049C9611ED68B7B00DD688D /* PasteboardProtocol.swift */ = {isa = PBXFileReference; fileEncoding = 4; lastKnownFileType = sourcecode.swift; path = PasteboardProtocol.swift; sourceTree = "<group>"; };
		6049C9631ED68BA600DD688D /* UIPasteboardExtensions.swift */ = {isa = PBXFileReference; fileEncoding = 4; lastKnownFileType = sourcecode.swift; path = UIPasteboardExtensions.swift; sourceTree = "<group>"; };
		604B485A1EC7EC4A00DBA243 /* CopyPasteUITests.xctest */ = {isa = PBXFileReference; explicitFileType = wrapper.cfbundle; includeInIndex = 0; path = CopyPasteUITests.xctest; sourceTree = BUILT_PRODUCTS_DIR; };
		604B485E1EC7EC4A00DBA243 /* Info.plist */ = {isa = PBXFileReference; lastKnownFileType = text.plist.xml; path = Info.plist; sourceTree = "<group>"; };
		604B48641EC7ED4200DBA243 /* AddUITestCase.swift */ = {isa = PBXFileReference; fileEncoding = 4; lastKnownFileType = sourcecode.swift; path = AddUITestCase.swift; sourceTree = "<group>"; };
		60762C361ECFD48300503ADB /* DeleteUITestCase.swift */ = {isa = PBXFileReference; fileEncoding = 4; lastKnownFileType = sourcecode.swift; path = DeleteUITestCase.swift; sourceTree = "<group>"; };
		60762C381ECFF63C00503ADB /* EditUIITestCase.swift */ = {isa = PBXFileReference; fileEncoding = 4; lastKnownFileType = sourcecode.swift; path = EditUIITestCase.swift; sourceTree = "<group>"; };
		607B17981ED23F3F00CCAFD1 /* CopyPasteTests.xctest */ = {isa = PBXFileReference; explicitFileType = wrapper.cfbundle; includeInIndex = 0; path = CopyPasteTests.xctest; sourceTree = BUILT_PRODUCTS_DIR; };
		607B179A1ED23F3F00CCAFD1 /* TableViewModelTestCase.swift */ = {isa = PBXFileReference; lastKnownFileType = sourcecode.swift; path = TableViewModelTestCase.swift; sourceTree = "<group>"; };
		607B179C1ED23F3F00CCAFD1 /* Info.plist */ = {isa = PBXFileReference; lastKnownFileType = text.plist.xml; path = Info.plist; sourceTree = "<group>"; };
		60AB4EE51E9582A70002AAE8 /* CopyPaste.app */ = {isa = PBXFileReference; explicitFileType = wrapper.application; includeInIndex = 0; path = CopyPaste.app; sourceTree = BUILT_PRODUCTS_DIR; };
		60AB4EE81E9582A70002AAE8 /* AppDelegate.swift */ = {isa = PBXFileReference; lastKnownFileType = sourcecode.swift; path = AppDelegate.swift; sourceTree = "<group>"; };
		60AB4EEA1E9582A70002AAE8 /* TableViewController.swift */ = {isa = PBXFileReference; lastKnownFileType = sourcecode.swift; path = TableViewController.swift; sourceTree = "<group>"; };
		60AB4EEF1E9582A70002AAE8 /* Assets.xcassets */ = {isa = PBXFileReference; lastKnownFileType = folder.assetcatalog; path = Assets.xcassets; sourceTree = "<group>"; };
		60AB4EF21E9582A70002AAE8 /* Base */ = {isa = PBXFileReference; lastKnownFileType = file.storyboard; name = Base; path = Base.lproj/LaunchScreen.storyboard; sourceTree = "<group>"; };
		60AB4EF41E9582A70002AAE8 /* Info.plist */ = {isa = PBXFileReference; lastKnownFileType = text.plist.xml; path = Info.plist; sourceTree = "<group>"; };
		60E73F2B1EBE8E4100F559A1 /* EditViewController.swift */ = {isa = PBXFileReference; fileEncoding = 4; lastKnownFileType = sourcecode.swift; path = EditViewController.swift; sourceTree = "<group>"; };
		60E73F2F1EBEA9D700F559A1 /* Item.swift */ = {isa = PBXFileReference; fileEncoding = 4; lastKnownFileType = sourcecode.swift; path = Item.swift; sourceTree = "<group>"; };
/* End PBXFileReference section */

/* Begin PBXFrameworksBuildPhase section */
		604B48571EC7EC4A00DBA243 /* Frameworks */ = {
			isa = PBXFrameworksBuildPhase;
			buildActionMask = 2147483647;
			files = (
			);
			runOnlyForDeploymentPostprocessing = 0;
		};
		607B17951ED23F3F00CCAFD1 /* Frameworks */ = {
			isa = PBXFrameworksBuildPhase;
			buildActionMask = 2147483647;
			files = (
			);
			runOnlyForDeploymentPostprocessing = 0;
		};
		60AB4EE21E9582A70002AAE8 /* Frameworks */ = {
			isa = PBXFrameworksBuildPhase;
			buildActionMask = 2147483647;
			files = (
			);
			runOnlyForDeploymentPostprocessing = 0;
		};
/* End PBXFrameworksBuildPhase section */

/* Begin PBXGroup section */
		0DAF67C51FC9509E00390890 /* Supporting Files */ = {
			isa = PBXGroup;
			children = (
				0DAF67C11FC93D2A00390890 /* Settings.bundle */,
				60AB4EEF1E9582A70002AAE8 /* Assets.xcassets */,
				60AB4EF11E9582A70002AAE8 /* LaunchScreen.storyboard */,
			);
			path = "Supporting Files";
			sourceTree = "<group>";
		};
		604B485B1EC7EC4A00DBA243 /* CopyPasteUITests */ = {
			isa = PBXGroup;
			children = (
				604B485E1EC7EC4A00DBA243 /* Info.plist */,
				604B48641EC7ED4200DBA243 /* AddUITestCase.swift */,
				60762C361ECFD48300503ADB /* DeleteUITestCase.swift */,
				60762C381ECFF63C00503ADB /* EditUIITestCase.swift */,
				600AB6C11EC7FD590051B426 /* AppLaunchUITestCase.swift */,
				600AB6C51EC8028F0051B426 /* UITestCase.swift */,
				600AB6C31EC7FF390051B426 /* XCTestCaseExtensions.swift */,
			);
			path = CopyPasteUITests;
			sourceTree = "<group>";
		};
		607B17991ED23F3F00CCAFD1 /* CopyPasteTests */ = {
			isa = PBXGroup;
			children = (
				607B179A1ED23F3F00CCAFD1 /* TableViewModelTestCase.swift */,
				607B179C1ED23F3F00CCAFD1 /* Info.plist */,
			);
			path = CopyPasteTests;
			sourceTree = "<group>";
		};
		60AB4EDC1E9582A70002AAE8 = {
			isa = PBXGroup;
			children = (
				60AB4EE71E9582A70002AAE8 /* CopyPaste */,
				604B485B1EC7EC4A00DBA243 /* CopyPasteUITests */,
				607B17991ED23F3F00CCAFD1 /* CopyPasteTests */,
				60AB4EE61E9582A70002AAE8 /* Products */,
			);
			sourceTree = "<group>";
		};
		60AB4EE61E9582A70002AAE8 /* Products */ = {
			isa = PBXGroup;
			children = (
				60AB4EE51E9582A70002AAE8 /* CopyPaste.app */,
				604B485A1EC7EC4A00DBA243 /* CopyPasteUITests.xctest */,
				607B17981ED23F3F00CCAFD1 /* CopyPasteTests.xctest */,
			);
			name = Products;
			sourceTree = "<group>";
		};
		60AB4EE71E9582A70002AAE8 /* CopyPaste */ = {
			isa = PBXGroup;
			children = (
				60AB4EE81E9582A70002AAE8 /* AppDelegate.swift */,
				0D0300611FC8BB2D00FBF8FB /* AppFlow.swift */,
				0DAF67C81FC950EE00390890 /* AppViewController.swift */,
				0DAF67BF1FC90DA100390890 /* CopyContext.swift */,
				601D8BC61ED2067500AC1407 /* CopyFlow.swift */,
				0DDA0AF51FC6783800839814 /* DataStore.swift */,
				0DAF67C31FC9508000390890 /* Defaults.swift */,
				60E73F2B1EBE8E4100F559A1 /* EditViewController.swift */,
				60E73F2F1EBEA9D700F559A1 /* Item.swift */,
				6049C9611ED68B7B00DD688D /* PasteboardProtocol.swift */,
				60AB4EEA1E9582A70002AAE8 /* TableViewController.swift */,
				601D8BC41ED177E100AC1407 /* TableViewModel.swift */,
				0D66D7741FCB76CD0023F7A4 /* UITableViewCellExtensions.swift */,
				6049C9631ED68BA600DD688D /* UIPasteboardExtensions.swift */,
				0DAF67CA1FC9512C00390890 /* UIViewControllerExtensions.swift */,
				0DAF67C61FC950D200390890 /* WelcomeViewController.swift */,
				60AB4EF41E9582A70002AAE8 /* Info.plist */,
				0DAF67C51FC9509E00390890 /* Supporting Files */,
			);
			path = CopyPaste;
			sourceTree = "<group>";
		};
/* End PBXGroup section */

/* Begin PBXNativeTarget section */
		604B48591EC7EC4A00DBA243 /* CopyPasteUITests */ = {
			isa = PBXNativeTarget;
			buildConfigurationList = 604B48631EC7EC4A00DBA243 /* Build configuration list for PBXNativeTarget "CopyPasteUITests" */;
			buildPhases = (
				604B48561EC7EC4A00DBA243 /* Sources */,
				604B48571EC7EC4A00DBA243 /* Frameworks */,
				604B48581EC7EC4A00DBA243 /* Resources */,
			);
			buildRules = (
			);
			dependencies = (
				604B48601EC7EC4A00DBA243 /* PBXTargetDependency */,
			);
			name = CopyPasteUITests;
			productName = CopyPasteUITests;
			productReference = 604B485A1EC7EC4A00DBA243 /* CopyPasteUITests.xctest */;
			productType = "com.apple.product-type.bundle.ui-testing";
		};
		607B17971ED23F3F00CCAFD1 /* CopyPasteTests */ = {
			isa = PBXNativeTarget;
			buildConfigurationList = 607B179F1ED23F3F00CCAFD1 /* Build configuration list for PBXNativeTarget "CopyPasteTests" */;
			buildPhases = (
				607B17941ED23F3F00CCAFD1 /* Sources */,
				607B17951ED23F3F00CCAFD1 /* Frameworks */,
				607B17961ED23F3F00CCAFD1 /* Resources */,
			);
			buildRules = (
			);
			dependencies = (
				607B179E1ED23F3F00CCAFD1 /* PBXTargetDependency */,
			);
			name = CopyPasteTests;
			productName = CopyPasteTests;
			productReference = 607B17981ED23F3F00CCAFD1 /* CopyPasteTests.xctest */;
			productType = "com.apple.product-type.bundle.unit-test";
		};
		60AB4EE41E9582A70002AAE8 /* CopyPaste */ = {
			isa = PBXNativeTarget;
			buildConfigurationList = 60AB4EF71E9582A70002AAE8 /* Build configuration list for PBXNativeTarget "CopyPaste" */;
			buildPhases = (
				60AB4EE11E9582A70002AAE8 /* Sources */,
				60AB4EE21E9582A70002AAE8 /* Frameworks */,
				60AB4EE31E9582A70002AAE8 /* Resources */,
				60A6E6E11ED7EBCD0033FB7F /* Twix Run Script */,
			);
			buildRules = (
			);
			dependencies = (
			);
			name = CopyPaste;
			productName = CopyPaste;
			productReference = 60AB4EE51E9582A70002AAE8 /* CopyPaste.app */;
			productType = "com.apple.product-type.application";
		};
/* End PBXNativeTarget section */

/* Begin PBXProject section */
		60AB4EDD1E9582A70002AAE8 /* Project object */ = {
			isa = PBXProject;
			attributes = {
				LastSwiftUpdateCheck = 0830;
				LastUpgradeCheck = 0910;
				ORGANIZATIONNAME = SwiftCoders;
				TargetAttributes = {
					604B48591EC7EC4A00DBA243 = {
						CreatedOnToolsVersion = 8.3.2;
						DevelopmentTeam = Y642MFHN82;
						LastSwiftMigration = 0910;
						ProvisioningStyle = Automatic;
						TestTargetID = 60AB4EE41E9582A70002AAE8;
					};
					607B17971ED23F3F00CCAFD1 = {
						CreatedOnToolsVersion = 8.3.2;
						DevelopmentTeam = Y642MFHN82;
						LastSwiftMigration = 0910;
						ProvisioningStyle = Automatic;
						TestTargetID = 60AB4EE41E9582A70002AAE8;
					};
					60AB4EE41E9582A70002AAE8 = {
						CreatedOnToolsVersion = 8.3;
						DevelopmentTeam = Y642MFHN82;
						LastSwiftMigration = 0910;
						ProvisioningStyle = Automatic;
					};
				};
			};
			buildConfigurationList = 60AB4EE01E9582A70002AAE8 /* Build configuration list for PBXProject "CopyPaste" */;
			compatibilityVersion = "Xcode 3.2";
			developmentRegion = English;
			hasScannedForEncodings = 0;
			knownRegions = (
				en,
				Base,
			);
			mainGroup = 60AB4EDC1E9582A70002AAE8;
			productRefGroup = 60AB4EE61E9582A70002AAE8 /* Products */;
			projectDirPath = "";
			projectRoot = "";
			targets = (
				60AB4EE41E9582A70002AAE8 /* CopyPaste */,
				604B48591EC7EC4A00DBA243 /* CopyPasteUITests */,
				607B17971ED23F3F00CCAFD1 /* CopyPasteTests */,
			);
		};
/* End PBXProject section */

/* Begin PBXResourcesBuildPhase section */
		604B48581EC7EC4A00DBA243 /* Resources */ = {
			isa = PBXResourcesBuildPhase;
			buildActionMask = 2147483647;
			files = (
			);
			runOnlyForDeploymentPostprocessing = 0;
		};
		607B17961ED23F3F00CCAFD1 /* Resources */ = {
			isa = PBXResourcesBuildPhase;
			buildActionMask = 2147483647;
			files = (
			);
			runOnlyForDeploymentPostprocessing = 0;
		};
		60AB4EE31E9582A70002AAE8 /* Resources */ = {
			isa = PBXResourcesBuildPhase;
			buildActionMask = 2147483647;
			files = (
				60AB4EF31E9582A70002AAE8 /* LaunchScreen.storyboard in Resources */,
				0DAF67C21FC93D2A00390890 /* Settings.bundle in Resources */,
				60AB4EF01E9582A70002AAE8 /* Assets.xcassets in Resources */,
			);
			runOnlyForDeploymentPostprocessing = 0;
		};
/* End PBXResourcesBuildPhase section */

/* Begin PBXShellScriptBuildPhase section */
		60A6E6E11ED7EBCD0033FB7F /* Twix Run Script */ = {
			isa = PBXShellScriptBuildPhase;
			buildActionMask = 2147483647;
			files = (
			);
			inputPaths = (
			);
			name = "Twix Run Script";
			outputPaths = (
			);
			runOnlyForDeploymentPostprocessing = 0;
			shellPath = /bin/sh;
			shellScript = "if which twix >/dev/null; then\ntwix\nfi";
		};
/* End PBXShellScriptBuildPhase section */

/* Begin PBXSourcesBuildPhase section */
		604B48561EC7EC4A00DBA243 /* Sources */ = {
			isa = PBXSourcesBuildPhase;
			buildActionMask = 2147483647;
			files = (
				60762C371ECFD48300503ADB /* DeleteUITestCase.swift in Sources */,
				600AB6C41EC7FF390051B426 /* XCTestCaseExtensions.swift in Sources */,
				600AB6C61EC8028F0051B426 /* UITestCase.swift in Sources */,
				600AB6C21EC7FD590051B426 /* AppLaunchUITestCase.swift in Sources */,
				604B48651EC7ED4200DBA243 /* AddUITestCase.swift in Sources */,
				60762C391ECFF63C00503ADB /* EditUIITestCase.swift in Sources */,
			);
			runOnlyForDeploymentPostprocessing = 0;
		};
		607B17941ED23F3F00CCAFD1 /* Sources */ = {
			isa = PBXSourcesBuildPhase;
			buildActionMask = 2147483647;
			files = (
				607B179B1ED23F3F00CCAFD1 /* TableViewModelTestCase.swift in Sources */,
			);
			runOnlyForDeploymentPostprocessing = 0;
		};
		60AB4EE11E9582A70002AAE8 /* Sources */ = {
			isa = PBXSourcesBuildPhase;
			buildActionMask = 2147483647;
			files = (
				0D0300621FC8BB2D00FBF8FB /* AppFlow.swift in Sources */,
				0DDA0AF61FC6783800839814 /* DataStore.swift in Sources */,
				601D8BC51ED177E100AC1407 /* TableViewModel.swift in Sources */,
				6049C9621ED68B7B00DD688D /* PasteboardProtocol.swift in Sources */,
				0DAF67C91FC950EE00390890 /* AppViewController.swift in Sources */,
				60E73F301EBEA9D700F559A1 /* Item.swift in Sources */,
				0DAF67C71FC950D200390890 /* WelcomeViewController.swift in Sources */,
				601D8BC71ED2067500AC1407 /* CopyFlow.swift in Sources */,
				0DAF67CB1FC9512C00390890 /* UIViewControllerExtensions.swift in Sources */,
				60AB4EEB1E9582A70002AAE8 /* TableViewController.swift in Sources */,
				0DAF67C41FC9508000390890 /* Defaults.swift in Sources */,
				0D66D7751FCB76CD0023F7A4 /* UITableViewCellExtensions.swift in Sources */,
				60AB4EE91E9582A70002AAE8 /* AppDelegate.swift in Sources */,
				0DAF67C01FC90DA100390890 /* CopyContext.swift in Sources */,
				6049C9641ED68BA600DD688D /* UIPasteboardExtensions.swift in Sources */,
				60E73F2C1EBE8E4100F559A1 /* EditViewController.swift in Sources */,
			);
			runOnlyForDeploymentPostprocessing = 0;
		};
/* End PBXSourcesBuildPhase section */

/* Begin PBXTargetDependency section */
		604B48601EC7EC4A00DBA243 /* PBXTargetDependency */ = {
			isa = PBXTargetDependency;
			target = 60AB4EE41E9582A70002AAE8 /* CopyPaste */;
			targetProxy = 604B485F1EC7EC4A00DBA243 /* PBXContainerItemProxy */;
		};
		607B179E1ED23F3F00CCAFD1 /* PBXTargetDependency */ = {
			isa = PBXTargetDependency;
			target = 60AB4EE41E9582A70002AAE8 /* CopyPaste */;
			targetProxy = 607B179D1ED23F3F00CCAFD1 /* PBXContainerItemProxy */;
		};
/* End PBXTargetDependency section */

/* Begin PBXVariantGroup section */
		60AB4EF11E9582A70002AAE8 /* LaunchScreen.storyboard */ = {
			isa = PBXVariantGroup;
			children = (
				60AB4EF21E9582A70002AAE8 /* Base */,
			);
			name = LaunchScreen.storyboard;
			sourceTree = "<group>";
		};
/* End PBXVariantGroup section */

/* Begin XCBuildConfiguration section */
		604B48611EC7EC4A00DBA243 /* Debug */ = {
			isa = XCBuildConfiguration;
			buildSettings = {
				CLANG_ENABLE_MODULES = YES;
				DEVELOPMENT_TEAM = Y642MFHN82;
				INFOPLIST_FILE = CopyPasteUITests/Info.plist;
				LD_RUNPATH_SEARCH_PATHS = "$(inherited) @executable_path/Frameworks @loader_path/Frameworks";
				PRODUCT_BUNDLE_IDENTIFIER = org.swiftcoders.CopyPasteUITests;
				PRODUCT_NAME = "$(TARGET_NAME)";
				SWIFT_OPTIMIZATION_LEVEL = "-Onone";
				SWIFT_SWIFT3_OBJC_INFERENCE = Default;
				SWIFT_VERSION = 4.0;
				TEST_TARGET_NAME = CopyPaste;
			};
			name = Debug;
		};
		604B48621EC7EC4A00DBA243 /* Release */ = {
			isa = XCBuildConfiguration;
			buildSettings = {
				CLANG_ENABLE_MODULES = YES;
				DEVELOPMENT_TEAM = Y642MFHN82;
				INFOPLIST_FILE = CopyPasteUITests/Info.plist;
				LD_RUNPATH_SEARCH_PATHS = "$(inherited) @executable_path/Frameworks @loader_path/Frameworks";
				PRODUCT_BUNDLE_IDENTIFIER = org.swiftcoders.CopyPasteUITests;
				PRODUCT_NAME = "$(TARGET_NAME)";
				SWIFT_SWIFT3_OBJC_INFERENCE = Default;
				SWIFT_VERSION = 4.0;
				TEST_TARGET_NAME = CopyPaste;
			};
			name = Release;
		};
		607B17A01ED23F3F00CCAFD1 /* Debug */ = {
			isa = XCBuildConfiguration;
			buildSettings = {
				BUNDLE_LOADER = "$(TEST_HOST)";
				DEVELOPMENT_TEAM = Y642MFHN82;
				INFOPLIST_FILE = CopyPasteTests/Info.plist;
				LD_RUNPATH_SEARCH_PATHS = "$(inherited) @executable_path/Frameworks @loader_path/Frameworks";
				PRODUCT_BUNDLE_IDENTIFIER = org.swiftcoders.CopyPasteTests;
				PRODUCT_NAME = "$(TARGET_NAME)";
				SWIFT_SWIFT3_OBJC_INFERENCE = Default;
				SWIFT_VERSION = 4.0;
				TEST_HOST = "$(BUILT_PRODUCTS_DIR)/CopyPaste.app/CopyPaste";
			};
			name = Debug;
		};
		607B17A11ED23F3F00CCAFD1 /* Release */ = {
			isa = XCBuildConfiguration;
			buildSettings = {
				BUNDLE_LOADER = "$(TEST_HOST)";
				DEVELOPMENT_TEAM = Y642MFHN82;
				INFOPLIST_FILE = CopyPasteTests/Info.plist;
				LD_RUNPATH_SEARCH_PATHS = "$(inherited) @executable_path/Frameworks @loader_path/Frameworks";
				PRODUCT_BUNDLE_IDENTIFIER = org.swiftcoders.CopyPasteTests;
				PRODUCT_NAME = "$(TARGET_NAME)";
				SWIFT_SWIFT3_OBJC_INFERENCE = Default;
				SWIFT_VERSION = 4.0;
				TEST_HOST = "$(BUILT_PRODUCTS_DIR)/CopyPaste.app/CopyPaste";
			};
			name = Release;
		};
		60AB4EF51E9582A70002AAE8 /* Debug */ = {
			isa = XCBuildConfiguration;
			buildSettings = {
				ALWAYS_SEARCH_USER_PATHS = NO;
				CLANG_ANALYZER_NONNULL = YES;
				CLANG_ANALYZER_NUMBER_OBJECT_CONVERSION = YES_AGGRESSIVE;
				CLANG_CXX_LANGUAGE_STANDARD = "gnu++0x";
				CLANG_CXX_LIBRARY = "libc++";
				CLANG_ENABLE_MODULES = YES;
				CLANG_ENABLE_OBJC_ARC = YES;
				CLANG_WARN_BLOCK_CAPTURE_AUTORELEASING = YES;
				CLANG_WARN_BOOL_CONVERSION = YES;
				CLANG_WARN_COMMA = YES;
				CLANG_WARN_CONSTANT_CONVERSION = YES;
				CLANG_WARN_DIRECT_OBJC_ISA_USAGE = YES_ERROR;
				CLANG_WARN_DOCUMENTATION_COMMENTS = YES;
				CLANG_WARN_EMPTY_BODY = YES;
				CLANG_WARN_ENUM_CONVERSION = YES;
				CLANG_WARN_INFINITE_RECURSION = YES;
				CLANG_WARN_INT_CONVERSION = YES;
				CLANG_WARN_NON_LITERAL_NULL_CONVERSION = YES;
				CLANG_WARN_OBJC_LITERAL_CONVERSION = YES;
				CLANG_WARN_OBJC_ROOT_CLASS = YES_ERROR;
				CLANG_WARN_RANGE_LOOP_ANALYSIS = YES;
				CLANG_WARN_STRICT_PROTOTYPES = YES;
				CLANG_WARN_SUSPICIOUS_MOVE = YES;
				CLANG_WARN_UNREACHABLE_CODE = YES;
				CLANG_WARN__DUPLICATE_METHOD_MATCH = YES;
				"CODE_SIGN_IDENTITY[sdk=iphoneos*]" = "iPhone Developer";
				COPY_PHASE_STRIP = NO;
				DEBUG_INFORMATION_FORMAT = dwarf;
				ENABLE_STRICT_OBJC_MSGSEND = YES;
				ENABLE_TESTABILITY = YES;
				GCC_C_LANGUAGE_STANDARD = gnu99;
				GCC_DYNAMIC_NO_PIC = NO;
				GCC_NO_COMMON_BLOCKS = YES;
				GCC_OPTIMIZATION_LEVEL = 0;
				GCC_PREPROCESSOR_DEFINITIONS = (
					"DEBUG=1",
					"$(inherited)",
				);
				GCC_WARN_64_TO_32_BIT_CONVERSION = YES;
				GCC_WARN_ABOUT_RETURN_TYPE = YES_ERROR;
				GCC_WARN_UNDECLARED_SELECTOR = YES;
				GCC_WARN_UNINITIALIZED_AUTOS = YES_AGGRESSIVE;
				GCC_WARN_UNUSED_FUNCTION = YES;
				GCC_WARN_UNUSED_VARIABLE = YES;
				IPHONEOS_DEPLOYMENT_TARGET = 11.1;
				MTL_ENABLE_DEBUG_INFO = YES;
				ONLY_ACTIVE_ARCH = YES;
				SDKROOT = iphoneos;
				SWIFT_ACTIVE_COMPILATION_CONDITIONS = DEBUG;
				SWIFT_OPTIMIZATION_LEVEL = "-Onone";
				TARGETED_DEVICE_FAMILY = "1,2";
			};
			name = Debug;
		};
		60AB4EF61E9582A70002AAE8 /* Release */ = {
			isa = XCBuildConfiguration;
			buildSettings = {
				ALWAYS_SEARCH_USER_PATHS = NO;
				CLANG_ANALYZER_NONNULL = YES;
				CLANG_ANALYZER_NUMBER_OBJECT_CONVERSION = YES_AGGRESSIVE;
				CLANG_CXX_LANGUAGE_STANDARD = "gnu++0x";
				CLANG_CXX_LIBRARY = "libc++";
				CLANG_ENABLE_MODULES = YES;
				CLANG_ENABLE_OBJC_ARC = YES;
				CLANG_WARN_BLOCK_CAPTURE_AUTORELEASING = YES;
				CLANG_WARN_BOOL_CONVERSION = YES;
				CLANG_WARN_COMMA = YES;
				CLANG_WARN_CONSTANT_CONVERSION = YES;
				CLANG_WARN_DIRECT_OBJC_ISA_USAGE = YES_ERROR;
				CLANG_WARN_DOCUMENTATION_COMMENTS = YES;
				CLANG_WARN_EMPTY_BODY = YES;
				CLANG_WARN_ENUM_CONVERSION = YES;
				CLANG_WARN_INFINITE_RECURSION = YES;
				CLANG_WARN_INT_CONVERSION = YES;
				CLANG_WARN_NON_LITERAL_NULL_CONVERSION = YES;
				CLANG_WARN_OBJC_LITERAL_CONVERSION = YES;
				CLANG_WARN_OBJC_ROOT_CLASS = YES_ERROR;
				CLANG_WARN_RANGE_LOOP_ANALYSIS = YES;
				CLANG_WARN_STRICT_PROTOTYPES = YES;
				CLANG_WARN_SUSPICIOUS_MOVE = YES;
				CLANG_WARN_UNREACHABLE_CODE = YES;
				CLANG_WARN__DUPLICATE_METHOD_MATCH = YES;
				"CODE_SIGN_IDENTITY[sdk=iphoneos*]" = "iPhone Developer";
				COPY_PHASE_STRIP = NO;
				DEBUG_INFORMATION_FORMAT = "dwarf-with-dsym";
				ENABLE_NS_ASSERTIONS = NO;
				ENABLE_STRICT_OBJC_MSGSEND = YES;
				GCC_C_LANGUAGE_STANDARD = gnu99;
				GCC_NO_COMMON_BLOCKS = YES;
				GCC_WARN_64_TO_32_BIT_CONVERSION = YES;
				GCC_WARN_ABOUT_RETURN_TYPE = YES_ERROR;
				GCC_WARN_UNDECLARED_SELECTOR = YES;
				GCC_WARN_UNINITIALIZED_AUTOS = YES_AGGRESSIVE;
				GCC_WARN_UNUSED_FUNCTION = YES;
				GCC_WARN_UNUSED_VARIABLE = YES;
				IPHONEOS_DEPLOYMENT_TARGET = 11.1;
				MTL_ENABLE_DEBUG_INFO = NO;
				SDKROOT = iphoneos;
				SWIFT_OPTIMIZATION_LEVEL = "-Owholemodule";
				TARGETED_DEVICE_FAMILY = "1,2";
				VALIDATE_PRODUCT = YES;
			};
			name = Release;
		};
		60AB4EF81E9582A70002AAE8 /* Debug */ = {
			isa = XCBuildConfiguration;
			buildSettings = {
				ASSETCATALOG_COMPILER_APPICON_NAME = AppIcon;
				DEVELOPMENT_TEAM = Y642MFHN82;
				INFOPLIST_FILE = CopyPaste/Info.plist;
				LD_RUNPATH_SEARCH_PATHS = "$(inherited) @executable_path/Frameworks";
				PRODUCT_BUNDLE_IDENTIFIER = org.swiftcoders.CopyPaste;
				PRODUCT_NAME = "$(TARGET_NAME)";
				SWIFT_SWIFT3_OBJC_INFERENCE = Default;
				SWIFT_VERSION = 4.0;
			};
			name = Debug;
		};
		60AB4EF91E9582A70002AAE8 /* Release */ = {
			isa = XCBuildConfiguration;
			buildSettings = {
				ASSETCATALOG_COMPILER_APPICON_NAME = AppIcon;
				DEVELOPMENT_TEAM = Y642MFHN82;
				INFOPLIST_FILE = CopyPaste/Info.plist;
				LD_RUNPATH_SEARCH_PATHS = "$(inherited) @executable_path/Frameworks";
				PRODUCT_BUNDLE_IDENTIFIER = org.swiftcoders.CopyPaste;
				PRODUCT_NAME = "$(TARGET_NAME)";
				SWIFT_SWIFT3_OBJC_INFERENCE = Default;
				SWIFT_VERSION = 4.0;
			};
			name = Release;
		};
/* End XCBuildConfiguration section */

/* Begin XCConfigurationList section */
		604B48631EC7EC4A00DBA243 /* Build configuration list for PBXNativeTarget "CopyPasteUITests" */ = {
			isa = XCConfigurationList;
			buildConfigurations = (
				604B48611EC7EC4A00DBA243 /* Debug */,
				604B48621EC7EC4A00DBA243 /* Release */,
			);
			defaultConfigurationIsVisible = 0;
			defaultConfigurationName = Release;
		};
		607B179F1ED23F3F00CCAFD1 /* Build configuration list for PBXNativeTarget "CopyPasteTests" */ = {
			isa = XCConfigurationList;
			buildConfigurations = (
				607B17A01ED23F3F00CCAFD1 /* Debug */,
				607B17A11ED23F3F00CCAFD1 /* Release */,
			);
			defaultConfigurationIsVisible = 0;
			defaultConfigurationName = Release;
		};
		60AB4EE01E9582A70002AAE8 /* Build configuration list for PBXProject "CopyPaste" */ = {
			isa = XCConfigurationList;
			buildConfigurations = (
				60AB4EF51E9582A70002AAE8 /* Debug */,
				60AB4EF61E9582A70002AAE8 /* Release */,
			);
			defaultConfigurationIsVisible = 0;
			defaultConfigurationName = Release;
		};
		60AB4EF71E9582A70002AAE8 /* Build configuration list for PBXNativeTarget "CopyPaste" */ = {
			isa = XCConfigurationList;
			buildConfigurations = (
				60AB4EF81E9582A70002AAE8 /* Debug */,
				60AB4EF91E9582A70002AAE8 /* Release */,
			);
			defaultConfigurationIsVisible = 0;
			defaultConfigurationName = Release;
		};
/* End XCConfigurationList section */
	};
	rootObject = 60AB4EDD1E9582A70002AAE8 /* Project object */;
}
